// !$*UTF8*$!
{
	archiveVersion = 1;
	classes = {
	};
	objectVersion = 50;
	objects = {

/* Begin PBXBuildFile section */
		269A0C5E247320070067B282 /* MemeCollectionViewController.swift in Sources */ = {isa = PBXBuildFile; fileRef = 269A0C5D247320070067B282 /* MemeCollectionViewController.swift */; };
		269A0C6624734E7E0067B282 /* Meme.swift in Sources */ = {isa = PBXBuildFile; fileRef = 269A0C6524734E7E0067B282 /* Meme.swift */; };
		269A0C682473539E0067B282 /* MemeTableViewController.swift in Sources */ = {isa = PBXBuildFile; fileRef = 269A0C672473539E0067B282 /* MemeTableViewController.swift */; };
		26E9F9032470A7BB00109B81 /* AppDelegate.swift in Sources */ = {isa = PBXBuildFile; fileRef = 26E9F9022470A7BB00109B81 /* AppDelegate.swift */; };
		26E9F9052470A7BB00109B81 /* SceneDelegate.swift in Sources */ = {isa = PBXBuildFile; fileRef = 26E9F9042470A7BB00109B81 /* SceneDelegate.swift */; };
		26E9F9072470A7BB00109B81 /* CreateMemeViewController.swift in Sources */ = {isa = PBXBuildFile; fileRef = 26E9F9062470A7BB00109B81 /* CreateMemeViewController.swift */; };
		26E9F90A2470A7BB00109B81 /* Main.storyboard in Resources */ = {isa = PBXBuildFile; fileRef = 26E9F9082470A7BB00109B81 /* Main.storyboard */; };
		26E9F90C2470A7BD00109B81 /* Assets.xcassets in Resources */ = {isa = PBXBuildFile; fileRef = 26E9F90B2470A7BD00109B81 /* Assets.xcassets */; };
		26E9F90F2470A7BD00109B81 /* LaunchScreen.storyboard in Resources */ = {isa = PBXBuildFile; fileRef = 26E9F90D2470A7BD00109B81 /* LaunchScreen.storyboard */; };
/* End PBXBuildFile section */

/* Begin PBXFileReference section */
		269A0C5D247320070067B282 /* MemeCollectionViewController.swift */ = {isa = PBXFileReference; lastKnownFileType = sourcecode.swift; path = MemeCollectionViewController.swift; sourceTree = "<group>"; };
		269A0C6524734E7E0067B282 /* Meme.swift */ = {isa = PBXFileReference; lastKnownFileType = sourcecode.swift; path = Meme.swift; sourceTree = "<group>"; };
		269A0C672473539E0067B282 /* MemeTableViewController.swift */ = {isa = PBXFileReference; lastKnownFileType = sourcecode.swift; path = MemeTableViewController.swift; sourceTree = "<group>"; };
		26E9F8FF2470A7BB00109B81 /* MemeMe1.0.app */ = {isa = PBXFileReference; explicitFileType = wrapper.application; includeInIndex = 0; path = MemeMe1.0.app; sourceTree = BUILT_PRODUCTS_DIR; };
		26E9F9022470A7BB00109B81 /* AppDelegate.swift */ = {isa = PBXFileReference; lastKnownFileType = sourcecode.swift; path = AppDelegate.swift; sourceTree = "<group>"; };
		26E9F9042470A7BB00109B81 /* SceneDelegate.swift */ = {isa = PBXFileReference; lastKnownFileType = sourcecode.swift; path = SceneDelegate.swift; sourceTree = "<group>"; };
		26E9F9062470A7BB00109B81 /* CreateMemeViewController.swift */ = {isa = PBXFileReference; lastKnownFileType = sourcecode.swift; path = CreateMemeViewController.swift; sourceTree = "<group>"; };
		26E9F9092470A7BB00109B81 /* Base */ = {isa = PBXFileReference; lastKnownFileType = file.storyboard; name = Base; path = Base.lproj/Main.storyboard; sourceTree = "<group>"; };
		26E9F90B2470A7BD00109B81 /* Assets.xcassets */ = {isa = PBXFileReference; lastKnownFileType = folder.assetcatalog; path = Assets.xcassets; sourceTree = "<group>"; };
		26E9F90E2470A7BD00109B81 /* Base */ = {isa = PBXFileReference; lastKnownFileType = file.storyboard; name = Base; path = Base.lproj/LaunchScreen.storyboard; sourceTree = "<group>"; };
		26E9F9102470A7BD00109B81 /* Info.plist */ = {isa = PBXFileReference; lastKnownFileType = text.plist.xml; path = Info.plist; sourceTree = "<group>"; };
/* End PBXFileReference section */

/* Begin PBXFrameworksBuildPhase section */
		26E9F8FC2470A7BB00109B81 /* Frameworks */ = {
			isa = PBXFrameworksBuildPhase;
			buildActionMask = 2147483647;
			files = (
			);
			runOnlyForDeploymentPostprocessing = 0;
		};
/* End PBXFrameworksBuildPhase section */

/* Begin PBXGroup section */
		269A0C6324734D410067B282 /* Controller */ = {
			isa = PBXGroup;
			children = (
				26E9F9062470A7BB00109B81 /* CreateMemeViewController.swift */,
				269A0C5D247320070067B282 /* MemeCollectionViewController.swift */,
				269A0C672473539E0067B282 /* MemeTableViewController.swift */,
			);
			path = Controller;
			sourceTree = "<group>";
		};
		269A0C6424734E6B0067B282 /* Model */ = {
			isa = PBXGroup;
			children = (
				269A0C6524734E7E0067B282 /* Meme.swift */,
			);
			path = Model;
			sourceTree = "<group>";
		};
		26E9F8F62470A7BB00109B81 = {
			isa = PBXGroup;
			children = (
				26E9F9012470A7BB00109B81 /* MemeMe1.0 */,
				26E9F9002470A7BB00109B81 /* Products */,
			);
			sourceTree = "<group>";
		};
		26E9F9002470A7BB00109B81 /* Products */ = {
			isa = PBXGroup;
			children = (
				26E9F8FF2470A7BB00109B81 /* MemeMe1.0.app */,
			);
			name = Products;
			sourceTree = "<group>";
		};
		26E9F9012470A7BB00109B81 /* MemeMe1.0 */ = {
			isa = PBXGroup;
			children = (
				269A0C6424734E6B0067B282 /* Model */,
				269A0C6324734D410067B282 /* Controller */,
				26E9F9022470A7BB00109B81 /* AppDelegate.swift */,
				26E9F9042470A7BB00109B81 /* SceneDelegate.swift */,
				26E9F9082470A7BB00109B81 /* Main.storyboard */,
				26E9F90B2470A7BD00109B81 /* Assets.xcassets */,
				26E9F90D2470A7BD00109B81 /* LaunchScreen.storyboard */,
				26E9F9102470A7BD00109B81 /* Info.plist */,
			);
			path = MemeMe1.0;
			sourceTree = "<group>";
		};
/* End PBXGroup section */

/* Begin PBXNativeTarget section */
		26E9F8FE2470A7BB00109B81 /* MemeMe1.0 */ = {
			isa = PBXNativeTarget;
			buildConfigurationList = 26E9F9132470A7BD00109B81 /* Build configuration list for PBXNativeTarget "MemeMe1.0" */;
			buildPhases = (
				26E9F8FB2470A7BB00109B81 /* Sources */,
				26E9F8FC2470A7BB00109B81 /* Frameworks */,
				26E9F8FD2470A7BB00109B81 /* Resources */,
			);
			buildRules = (
			);
			dependencies = (
			);
			name = MemeMe1.0;
			productName = MemeMe1.0;
			productReference = 26E9F8FF2470A7BB00109B81 /* MemeMe1.0.app */;
			productType = "com.apple.product-type.application";
		};
/* End PBXNativeTarget section */

/* Begin PBXProject section */
		26E9F8F72470A7BB00109B81 /* Project object */ = {
			isa = PBXProject;
			attributes = {
				LastSwiftUpdateCheck = 1140;
				LastUpgradeCheck = 1140;
				ORGANIZATIONNAME = Vanessa;
				TargetAttributes = {
					26E9F8FE2470A7BB00109B81 = {
						CreatedOnToolsVersion = 11.4.1;
					};
				};
			};
			buildConfigurationList = 26E9F8FA2470A7BB00109B81 /* Build configuration list for PBXProject "MemeMe1.0" */;
			compatibilityVersion = "Xcode 9.3";
			developmentRegion = en;
			hasScannedForEncodings = 0;
			knownRegions = (
				en,
				Base,
			);
			mainGroup = 26E9F8F62470A7BB00109B81;
			productRefGroup = 26E9F9002470A7BB00109B81 /* Products */;
			projectDirPath = "";
			projectRoot = "";
			targets = (
				26E9F8FE2470A7BB00109B81 /* MemeMe1.0 */,
			);
		};
/* End PBXProject section */

/* Begin PBXResourcesBuildPhase section */
		26E9F8FD2470A7BB00109B81 /* Resources */ = {
			isa = PBXResourcesBuildPhase;
			buildActionMask = 2147483647;
			files = (
				26E9F90F2470A7BD00109B81 /* LaunchScreen.storyboard in Resources */,
				26E9F90C2470A7BD00109B81 /* Assets.xcassets in Resources */,
				26E9F90A2470A7BB00109B81 /* Main.storyboard in Resources */,
			);
			runOnlyForDeploymentPostprocessing = 0;
		};
/* End PBXResourcesBuildPhase section */

/* Begin PBXSourcesBuildPhase section */
		26E9F8FB2470A7BB00109B81 /* Sources */ = {
			isa = PBXSourcesBuildPhase;
			buildActionMask = 2147483647;
			files = (
				269A0C5E247320070067B282 /* MemeCollectionViewController.swift in Sources */,
				26E9F9072470A7BB00109B81 /* CreateMemeViewController.swift in Sources */,
				26E9F9032470A7BB00109B81 /* AppDelegate.swift in Sources */,
				269A0C682473539E0067B282 /* MemeTableViewController.swift in Sources */,
				26E9F9052470A7BB00109B81 /* SceneDelegate.swift in Sources */,
				269A0C6624734E7E0067B282 /* Meme.swift in Sources */,
			);
			runOnlyForDeploymentPostprocessing = 0;
		};
/* End PBXSourcesBuildPhase section */

/* Begin PBXVariantGroup section */
		26E9F9082470A7BB00109B81 /* Main.storyboard */ = {
			isa = PBXVariantGroup;
			children = (
				26E9F9092470A7BB00109B81 /* Base */,
			);
			name = Main.storyboard;
			sourceTree = "<group>";
		};
		26E9F90D2470A7BD00109B81 /* LaunchScreen.storyboard */ = {
			isa = PBXVariantGroup;
			children = (
				26E9F90E2470A7BD00109B81 /* Base */,
			);
			name = LaunchScreen.storyboard;
			sourceTree = "<group>";
		};
/* End PBXVariantGroup section */

/* Begin XCBuildConfiguration section */
		26E9F9112470A7BD00109B81 /* Debug */ = {
			isa = XCBuildConfiguration;
			buildSettings = {
				ALWAYS_SEARCH_USER_PATHS = NO;
				CLANG_ANALYZER_NONNULL = YES;
				CLANG_ANALYZER_NUMBER_OBJECT_CONVERSION = YES_AGGRESSIVE;
				CLANG_CXX_LANGUAGE_STANDARD = "gnu++14";
				CLANG_CXX_LIBRARY = "libc++";
				CLANG_ENABLE_MODULES = YES;
				CLANG_ENABLE_OBJC_ARC = YES;
				CLANG_ENABLE_OBJC_WEAK = YES;
				CLANG_WARN_BLOCK_CAPTURE_AUTORELEASING = YES;
				CLANG_WARN_BOOL_CONVERSION = YES;
				CLANG_WARN_COMMA = YES;
				CLANG_WARN_CONSTANT_CONVERSION = YES;
				CLANG_WARN_DEPRECATED_OBJC_IMPLEMENTATIONS = YES;
				CLANG_WARN_DIRECT_OBJC_ISA_USAGE = YES_ERROR;
				CLANG_WARN_DOCUMENTATION_COMMENTS = YES;
				CLANG_WARN_EMPTY_BODY = YES;
				CLANG_WARN_ENUM_CONVERSION = YES;
				CLANG_WARN_INFINITE_RECURSION = YES;
				CLANG_WARN_INT_CONVERSION = YES;
				CLANG_WARN_NON_LITERAL_NULL_CONVERSION = YES;
				CLANG_WARN_OBJC_IMPLICIT_RETAIN_SELF = YES;
				CLANG_WARN_OBJC_LITERAL_CONVERSION = YES;
				CLANG_WARN_OBJC_ROOT_CLASS = YES_ERROR;
				CLANG_WARN_RANGE_LOOP_ANALYSIS = YES;
				CLANG_WARN_STRICT_PROTOTYPES = YES;
				CLANG_WARN_SUSPICIOUS_MOVE = YES;
				CLANG_WARN_UNGUARDED_AVAILABILITY = YES_AGGRESSIVE;
				CLANG_WARN_UNREACHABLE_CODE = YES;
				CLANG_WARN__DUPLICATE_METHOD_MATCH = YES;
				COPY_PHASE_STRIP = NO;
				DEBUG_INFORMATION_FORMAT = dwarf;
				ENABLE_STRICT_OBJC_MSGSEND = YES;
				ENABLE_TESTABILITY = YES;
				GCC_C_LANGUAGE_STANDARD = gnu11;
				GCC_DYNAMIC_NO_PIC = NO;
				GCC_NO_COMMON_BLOCKS = YES;
				GCC_OPTIMIZATION_LEVEL = 0;
				GCC_PREPROCESSOR_DEFINITIONS = (
					"DEBUG=1",
					"$(inherited)",
				);
				GCC_WARN_64_TO_32_BIT_CONVERSION = YES;
				GCC_WARN_ABOUT_RETURN_TYPE = YES_ERROR;
				GCC_WARN_UNDECLARED_SELECTOR = YES;
				GCC_WARN_UNINITIALIZED_AUTOS = YES_AGGRESSIVE;
				GCC_WARN_UNUSED_FUNCTION = YES;
				GCC_WARN_UNUSED_VARIABLE = YES;
				IPHONEOS_DEPLOYMENT_TARGET = 13.4;
				MTL_ENABLE_DEBUG_INFO = INCLUDE_SOURCE;
				MTL_FAST_MATH = YES;
				ONLY_ACTIVE_ARCH = YES;
				SDKROOT = iphoneos;
				SWIFT_ACTIVE_COMPILATION_CONDITIONS = DEBUG;
				SWIFT_OPTIMIZATION_LEVEL = "-Onone";
			};
			name = Debug;
		};
		26E9F9122470A7BD00109B81 /* Release */ = {
			isa = XCBuildConfiguration;
			buildSettings = {
				ALWAYS_SEARCH_USER_PATHS = NO;
				CLANG_ANALYZER_NONNULL = YES;
				CLANG_ANALYZER_NUMBER_OBJECT_CONVERSION = YES_AGGRESSIVE;
				CLANG_CXX_LANGUAGE_STANDARD = "gnu++14";
				CLANG_CXX_LIBRARY = "libc++";
				CLANG_ENABLE_MODULES = YES;
				CLANG_ENABLE_OBJC_ARC = YES;
				CLANG_ENABLE_OBJC_WEAK = YES;
				CLANG_WARN_BLOCK_CAPTURE_AUTORELEASING = YES;
				CLANG_WARN_BOOL_CONVERSION = YES;
				CLANG_WARN_COMMA = YES;
				CLANG_WARN_CONSTANT_CONVERSION = YES;
				CLANG_WARN_DEPRECATED_OBJC_IMPLEMENTATIONS = YES;
				CLANG_WARN_DIRECT_OBJC_ISA_USAGE = YES_ERROR;
				CLANG_WARN_DOCUMENTATION_COMMENTS = YES;
				CLANG_WARN_EMPTY_BODY = YES;
				CLANG_WARN_ENUM_CONVERSION = YES;
				CLANG_WARN_INFINITE_RECURSION = YES;
				CLANG_WARN_INT_CONVERSION = YES;
				CLANG_WARN_NON_LITERAL_NULL_CONVERSION = YES;
				CLANG_WARN_OBJC_IMPLICIT_RETAIN_SELF = YES;
				CLANG_WARN_OBJC_LITERAL_CONVERSION = YES;
				CLANG_WARN_OBJC_ROOT_CLASS = YES_ERROR;
				CLANG_WARN_RANGE_LOOP_ANALYSIS = YES;
				CLANG_WARN_STRICT_PROTOTYPES = YES;
				CLANG_WARN_SUSPICIOUS_MOVE = YES;
				CLANG_WARN_UNGUARDED_AVAILABILITY = YES_AGGRESSIVE;
				CLANG_WARN_UNREACHABLE_CODE = YES;
				CLANG_WARN__DUPLICATE_METHOD_MATCH = YES;
				COPY_PHASE_STRIP = NO;
				DEBUG_INFORMATION_FORMAT = "dwarf-with-dsym";
				ENABLE_NS_ASSERTIONS = NO;
				ENABLE_STRICT_OBJC_MSGSEND = YES;
				GCC_C_LANGUAGE_STANDARD = gnu11;
				GCC_NO_COMMON_BLOCKS = YES;
				GCC_WARN_64_TO_32_BIT_CONVERSION = YES;
				GCC_WARN_ABOUT_RETURN_TYPE = YES_ERROR;
				GCC_WARN_UNDECLARED_SELECTOR = YES;
				GCC_WARN_UNINITIALIZED_AUTOS = YES_AGGRESSIVE;
				GCC_WARN_UNUSED_FUNCTION = YES;
				GCC_WARN_UNUSED_VARIABLE = YES;
				IPHONEOS_DEPLOYMENT_TARGET = 13.4;
				MTL_ENABLE_DEBUG_INFO = NO;
				MTL_FAST_MATH = YES;
				SDKROOT = iphoneos;
				SWIFT_COMPILATION_MODE = wholemodule;
				SWIFT_OPTIMIZATION_LEVEL = "-O";
				VALIDATE_PRODUCT = YES;
			};
			name = Release;
		};
		26E9F9142470A7BD00109B81 /* Debug */ = {
			isa = XCBuildConfiguration;
			buildSettings = {
				ASSETCATALOG_COMPILER_APPICON_NAME = AppIcon;
				CODE_SIGN_STYLE = Automatic;
				DEVELOPMENT_TEAM = D78RLA5R6C;
				INFOPLIST_FILE = MemeMe1.0/Info.plist;
				LD_RUNPATH_SEARCH_PATHS = (
					"$(inherited)",
					"@executable_path/Frameworks",
				);
				PRODUCT_BUNDLE_IDENTIFIER = "com.MemeMe1-0";
				PRODUCT_NAME = "$(TARGET_NAME)";
				SWIFT_VERSION = 5.0;
				TARGETED_DEVICE_FAMILY = "1,2";
			};
			name = Debug;
		};
		26E9F9152470A7BD00109B81 /* Release */ = {
			isa = XCBuildConfiguration;
			buildSettings = {
				ASSETCATALOG_COMPILER_APPICON_NAME = AppIcon;
				CODE_SIGN_STYLE = Automatic;
				DEVELOPMENT_TEAM = D78RLA5R6C;
				INFOPLIST_FILE = MemeMe1.0/Info.plist;
				LD_RUNPATH_SEARCH_PATHS = (
					"$(inherited)",
					"@executable_path/Frameworks",
				);
				PRODUCT_BUNDLE_IDENTIFIER = "com.MemeMe1-0";
				PRODUCT_NAME = "$(TARGET_NAME)";
				SWIFT_VERSION = 5.0;
				TARGETED_DEVICE_FAMILY = "1,2";
			};
			name = Release;
		};
/* End XCBuildConfiguration section */

/* Begin XCConfigurationList section */
		26E9F8FA2470A7BB00109B81 /* Build configuration list for PBXProject "MemeMe1.0" */ = {
			isa = XCConfigurationList;
			buildConfigurations = (
				26E9F9112470A7BD00109B81 /* Debug */,
				26E9F9122470A7BD00109B81 /* Release */,
			);
			defaultConfigurationIsVisible = 0;
			defaultConfigurationName = Release;
		};
		26E9F9132470A7BD00109B81 /* Build configuration list for PBXNativeTarget "MemeMe1.0" */ = {
			isa = XCConfigurationList;
			buildConfigurations = (
				26E9F9142470A7BD00109B81 /* Debug */,
				26E9F9152470A7BD00109B81 /* Release */,
			);
			defaultConfigurationIsVisible = 0;
			defaultConfigurationName = Release;
		};
/* End XCConfigurationList section */
	};
	rootObject = 26E9F8F72470A7BB00109B81 /* Project object */;
}
